
Microsoft Visual Studio Solution File, Format Version 12.00
# Visual Studio Version 16
VisualStudioVersion = 16.0.31729.503
MinimumVisualStudioVersion = 10.0.40219.1
Project("{FAE04EC0-301F-11D3-BF4B-00C04F79EFBC}") = "APIRestFul_juan_calderon.API", "APIRestFul_juan_calderon.API\APIRestFul_juan_calderon.API.csproj", "{D98A4558-EE0E-4D50-AE6E-01E3AC02728A}"
EndProject
Project("{FAE04EC0-301F-11D3-BF4B-00C04F79EFBC}") = "APIRestFul_juan_calderon.Core", "APIRestFul_juan_calderon.Core\APIRestFul_juan_calderon.Core.csproj", "{5B096BBA-21BE-419D-9E51-52F9AF0BED7F}"
EndProject
Project("{FAE04EC0-301F-11D3-BF4B-00C04F79EFBC}") = "APIRestFul_Juan_calderon.Infraestructure", "APIRestFul_Juan_calderon.Infraestructure\APIRestFul_Juan_calderon.Infraestructure.csproj", "{38D05AAE-BE80-4AFE-8FA8-FD7A1E2D21E3}"
EndProject
Global
	GlobalSection(SolutionConfigurationPlatforms) = preSolution
		Debug|Any CPU = Debug|Any CPU
		Release|Any CPU = Release|Any CPU
	EndGlobalSection
	GlobalSection(ProjectConfigurationPlatforms) = postSolution
		{D98A4558-EE0E-4D50-AE6E-01E3AC02728A}.Debug|Any CPU.ActiveCfg = Debug|Any CPU
		{D98A4558-EE0E-4D50-AE6E-01E3AC02728A}.Debug|Any CPU.Build.0 = Debug|Any CPU
		{D98A4558-EE0E-4D50-AE6E-01E3AC02728A}.Release|Any CPU.ActiveCfg = Release|Any CPU
		{D98A4558-EE0E-4D50-AE6E-01E3AC02728A}.Release|Any CPU.Build.0 = Release|Any CPU
		{5B096BBA-21BE-419D-9E51-52F9AF0BED7F}.Debug|Any CPU.ActiveCfg = Debug|Any CPU
		{5B096BBA-21BE-419D-9E51-52F9AF0BED7F}.Debug|Any CPU.Build.0 = Debug|Any CPU
		{5B096BBA-21BE-419D-9E51-52F9AF0BED7F}.Release|Any CPU.ActiveCfg = Release|Any CPU
		{5B096BBA-21BE-419D-9E51-52F9AF0BED7F}.Release|Any CPU.Build.0 = Release|Any CPU
		{38D05AAE-BE80-4AFE-8FA8-FD7A1E2D21E3}.Debug|Any CPU.ActiveCfg = Debug|Any CPU
		{38D05AAE-BE80-4AFE-8FA8-FD7A1E2D21E3}.Debug|Any CPU.Build.0 = Debug|Any CPU
		{38D05AAE-BE80-4AFE-8FA8-FD7A1E2D21E3}.Release|Any CPU.ActiveCfg = Release|Any CPU
		{38D05AAE-BE80-4AFE-8FA8-FD7A1E2D21E3}.Release|Any CPU.Build.0 = Release|Any CPU
	EndGlobalSection
	GlobalSection(SolutionProperties) = preSolution
		HideSolutionNode = FALSE
	EndGlobalSection
	GlobalSection(ExtensibilityGlobals) = postSolution
		SolutionGuid = {0C10210A-0EAD-43BC-B555-CC7AD5D4CD47}
	EndGlobalSection
EndGlobal
